// !$*UTF8*$!
{
	archiveVersion = 1;
	classes = {
	};
	objectVersion = 46;
	objects = {

/* Begin PBXBuildFile section */
		FA05536B19AD4DE3001EE3CE /* TableDisplay in Resources */ = {isa = PBXBuildFile; fileRef = FA05536A19AD4DE3001EE3CE /* TableDisplay */; };
		FA05539F19AE9FE2001EE3CE /* DateAndLiftProcessor.m in Sources */ = {isa = PBXBuildFile; fileRef = FA05539E19AE9FE2001EE3CE /* DateAndLiftProcessor.m */; };
		FA0553A119AEA132001EE3CE /* DateAndLiftProcessor in Resources */ = {isa = PBXBuildFile; fileRef = FA0553A019AEA132001EE3CE /* DateAndLiftProcessor */; };
		FA0553A519B000B7001EE3CE /* KilogramPlateComputer.m in Sources */ = {isa = PBXBuildFile; fileRef = FA0553A419B000B7001EE3CE /* KilogramPlateComputer.m */; };
		FA0553A719B005F0001EE3CE /* KilogramPlateComputer in Resources */ = {isa = PBXBuildFile; fileRef = FA0553A619B005F0001EE3CE /* KilogramPlateComputer */; };
		FA0553AA19B53FDE001EE3CE /* PoundPlateComputer.m in Sources */ = {isa = PBXBuildFile; fileRef = FA0553A919B53FDE001EE3CE /* PoundPlateComputer.m */; };
		FA3133AD199AE5FB00ED3D1D /* Foundation.framework in Frameworks */ = {isa = PBXBuildFile; fileRef = FA3133AC199AE5FB00ED3D1D /* Foundation.framework */; };
		FA3133AF199AE5FB00ED3D1D /* CoreGraphics.framework in Frameworks */ = {isa = PBXBuildFile; fileRef = FA3133AE199AE5FB00ED3D1D /* CoreGraphics.framework */; };
		FA3133B1199AE5FB00ED3D1D /* UIKit.framework in Frameworks */ = {isa = PBXBuildFile; fileRef = FA3133B0199AE5FB00ED3D1D /* UIKit.framework */; };
		FA3133B7199AE5FB00ED3D1D /* InfoPlist.strings in Resources */ = {isa = PBXBuildFile; fileRef = FA3133B5199AE5FB00ED3D1D /* InfoPlist.strings */; };
		FA3133B9199AE5FB00ED3D1D /* main.m in Sources */ = {isa = PBXBuildFile; fileRef = FA3133B8199AE5FB00ED3D1D /* main.m */; };
		FA3133BD199AE5FB00ED3D1D /* AppDelegate.m in Sources */ = {isa = PBXBuildFile; fileRef = FA3133BC199AE5FB00ED3D1D /* AppDelegate.m */; };
		FA3133C0199AE5FB00ED3D1D /* Main_iPhone.storyboard in Resources */ = {isa = PBXBuildFile; fileRef = FA3133BE199AE5FB00ED3D1D /* Main_iPhone.storyboard */; };
		FA3133C3199AE5FB00ED3D1D /* Main_iPad.storyboard in Resources */ = {isa = PBXBuildFile; fileRef = FA3133C1199AE5FB00ED3D1D /* Main_iPad.storyboard */; };
		FA3133C8199AE5FB00ED3D1D /* Images.xcassets in Resources */ = {isa = PBXBuildFile; fileRef = FA3133C7199AE5FB00ED3D1D /* Images.xcassets */; };
		FA3133CF199AE5FB00ED3D1D /* XCTest.framework in Frameworks */ = {isa = PBXBuildFile; fileRef = FA3133CE199AE5FB00ED3D1D /* XCTest.framework */; };
		FA3133D0199AE5FB00ED3D1D /* Foundation.framework in Frameworks */ = {isa = PBXBuildFile; fileRef = FA3133AC199AE5FB00ED3D1D /* Foundation.framework */; };
		FA3133D1199AE5FB00ED3D1D /* UIKit.framework in Frameworks */ = {isa = PBXBuildFile; fileRef = FA3133B0199AE5FB00ED3D1D /* UIKit.framework */; };
		FA3133D9199AE5FB00ED3D1D /* InfoPlist.strings in Resources */ = {isa = PBXBuildFile; fileRef = FA3133D7199AE5FB00ED3D1D /* InfoPlist.strings */; };
		FA3133DB199AE5FB00ED3D1D /* whowasCNSTests.m in Sources */ = {isa = PBXBuildFile; fileRef = FA3133DA199AE5FB00ED3D1D /* whowasCNSTests.m */; };
		FA3133E6199AE9C500ED3D1D /* DatePicker.m in Sources */ = {isa = PBXBuildFile; fileRef = FA3133E5199AE9C500ED3D1D /* DatePicker.m */; };
		FA3133E9199C254500ED3D1D /* TrainingMaxes.m in Sources */ = {isa = PBXBuildFile; fileRef = FA3133E8199C254500ED3D1D /* TrainingMaxes.m */; };
		FA3133EB199C3C8E00ED3D1D /* DatePicker in Resources */ = {isa = PBXBuildFile; fileRef = FA3133EA199C3C8E00ED3D1D /* DatePicker */; };
		FA3133ED19A4205900ED3D1D /* TrainingMaxes in Resources */ = {isa = PBXBuildFile; fileRef = FA3133EC19A4205900ED3D1D /* TrainingMaxes */; };
		FA3133F019A4251B00ED3D1D /* TableDisplay.m in Sources */ = {isa = PBXBuildFile; fileRef = FA3133EF19A4251B00ED3D1D /* TableDisplay.m */; };
		FA3133F219A576DC00ED3D1D /* libsqlite3.dylib in Frameworks */ = {isa = PBXBuildFile; fileRef = FA3133F119A576DB00ED3D1D /* libsqlite3.dylib */; };
		FA31345119A6BEB700ED3D1D /* AdjustPattern.m in Sources */ = {isa = PBXBuildFile; fileRef = FA31345019A6BEB700ED3D1D /* AdjustPattern.m */; };
		FA31345319A6C96C00ED3D1D /* AdjustPattern in Resources */ = {isa = PBXBuildFile; fileRef = FA31345219A6C96C00ED3D1D /* AdjustPattern */; };
		FA49770319DCAB07001F7802 /* barbell.png in Resources */ = {isa = PBXBuildFile; fileRef = FA49770219DCAB07001F7802 /* barbell.png */; };
		FA49770619DCB43C001F7802 /* plate_fourtyfive_lbs.png in Resources */ = {isa = PBXBuildFile; fileRef = FA49770519DCB43C001F7802 /* plate_fourtyfive_lbs.png */; };
		FA49770C19DCC9C2001F7802 /* plate_twentyfive_lbs.png in Resources */ = {isa = PBXBuildFile; fileRef = FA49770B19DCC9C2001F7802 /* plate_twentyfive_lbs.png */; };
		FA49770E19DCCA01001F7802 /* plate_ten_lbs.png in Resources */ = {isa = PBXBuildFile; fileRef = FA49770D19DCCA01001F7802 /* plate_ten_lbs.png */; };
		FA49771019DCCA0B001F7802 /* plate_five_lbs.png in Resources */ = {isa = PBXBuildFile; fileRef = FA49770F19DCCA0B001F7802 /* plate_five_lbs.png */; };
		FA49771219DCCA19001F7802 /* plate_twopointfive_lbs.png in Resources */ = {isa = PBXBuildFile; fileRef = FA49771119DCCA19001F7802 /* plate_twopointfive_lbs.png */; };
		FAD1F39F19C2799900D3C588 /* TableDisplayCell.m in Sources */ = {isa = PBXBuildFile; fileRef = FAD1F39E19C2799900D3C588 /* TableDisplayCell.m */; };
		FAEDAC3D19D4C942006265A9 /* IndividualViewController.m in Sources */ = {isa = PBXBuildFile; fileRef = FAEDAC3C19D4C942006265A9 /* IndividualViewController.m */; };
		FAEDAC4819D4E5C1006265A9 /* CoreData.framework in Frameworks */ = {isa = PBXBuildFile; fileRef = FAEDAC4719D4E5C1006265A9 /* CoreData.framework */; };
		FAEDAC4A19D4E5CF006265A9 /* SystemConfiguration.framework in Frameworks */ = {isa = PBXBuildFile; fileRef = FAEDAC4919D4E5CF006265A9 /* SystemConfiguration.framework */; };
		FAEDAC4C19D4E5DC006265A9 /* libz.dylib in Frameworks */ = {isa = PBXBuildFile; fileRef = FAEDAC4B19D4E5DC006265A9 /* libz.dylib */; };
		FAEDAC4E19D4E97B006265A9 /* libGoogleAnalyticsServices.a in Frameworks */ = {isa = PBXBuildFile; fileRef = FAEDAC4D19D4E97B006265A9 /* libGoogleAnalyticsServices.a */; };
/* End PBXBuildFile section */

/* Begin PBXContainerItemProxy section */
		FA3133D2199AE5FB00ED3D1D /* PBXContainerItemProxy */ = {
			isa = PBXContainerItemProxy;
			containerPortal = FA3133A1199AE5FB00ED3D1D /* Project object */;
			proxyType = 1;
			remoteGlobalIDString = FA3133A8199AE5FB00ED3D1D;
			remoteInfo = whowasCNS;
		};
/* End PBXContainerItemProxy section */

/* Begin PBXFileReference section */
		FA05536A19AD4DE3001EE3CE /* TableDisplay */ = {isa = PBXFileReference; fileEncoding = 4; lastKnownFileType = text; path = TableDisplay; sourceTree = "<group>"; };
		FA05539D19AE9FE2001EE3CE /* DateAndLiftProcessor.h */ = {isa = PBXFileReference; fileEncoding = 4; lastKnownFileType = sourcecode.c.h; path = DateAndLiftProcessor.h; sourceTree = "<group>"; };
		FA05539E19AE9FE2001EE3CE /* DateAndLiftProcessor.m */ = {isa = PBXFileReference; fileEncoding = 4; lastKnownFileType = sourcecode.c.objc; path = DateAndLiftProcessor.m; sourceTree = "<group>"; };
		FA0553A019AEA132001EE3CE /* DateAndLiftProcessor */ = {isa = PBXFileReference; fileEncoding = 4; lastKnownFileType = text; path = DateAndLiftProcessor; sourceTree = "<group>"; };
		FA0553A319B000B7001EE3CE /* KilogramPlateComputer.h */ = {isa = PBXFileReference; fileEncoding = 4; lastKnownFileType = sourcecode.c.h; path = KilogramPlateComputer.h; sourceTree = "<group>"; };
		FA0553A419B000B7001EE3CE /* KilogramPlateComputer.m */ = {isa = PBXFileReference; fileEncoding = 4; lastKnownFileType = sourcecode.c.objc; path = KilogramPlateComputer.m; sourceTree = "<group>"; };
		FA0553A619B005F0001EE3CE /* KilogramPlateComputer */ = {isa = PBXFileReference; fileEncoding = 4; lastKnownFileType = text; path = KilogramPlateComputer; sourceTree = "<group>"; };
		FA0553A819B53FDE001EE3CE /* PoundPlateComputer.h */ = {isa = PBXFileReference; fileEncoding = 4; lastKnownFileType = sourcecode.c.h; path = PoundPlateComputer.h; sourceTree = "<group>"; };
		FA0553A919B53FDE001EE3CE /* PoundPlateComputer.m */ = {isa = PBXFileReference; fileEncoding = 4; lastKnownFileType = sourcecode.c.objc; path = PoundPlateComputer.m; sourceTree = "<group>"; };
		FA3133A9199AE5FB00ED3D1D /* whowasCNS.app */ = {isa = PBXFileReference; explicitFileType = wrapper.application; includeInIndex = 0; path = whowasCNS.app; sourceTree = BUILT_PRODUCTS_DIR; };
		FA3133AC199AE5FB00ED3D1D /* Foundation.framework */ = {isa = PBXFileReference; lastKnownFileType = wrapper.framework; name = Foundation.framework; path = System/Library/Frameworks/Foundation.framework; sourceTree = SDKROOT; };
		FA3133AE199AE5FB00ED3D1D /* CoreGraphics.framework */ = {isa = PBXFileReference; lastKnownFileType = wrapper.framework; name = CoreGraphics.framework; path = System/Library/Frameworks/CoreGraphics.framework; sourceTree = SDKROOT; };
		FA3133B0199AE5FB00ED3D1D /* UIKit.framework */ = {isa = PBXFileReference; lastKnownFileType = wrapper.framework; name = UIKit.framework; path = System/Library/Frameworks/UIKit.framework; sourceTree = SDKROOT; };
		FA3133B4199AE5FB00ED3D1D /* whowasCNS-Info.plist */ = {isa = PBXFileReference; lastKnownFileType = text.plist.xml; path = "whowasCNS-Info.plist"; sourceTree = "<group>"; };
		FA3133B6199AE5FB00ED3D1D /* en */ = {isa = PBXFileReference; lastKnownFileType = text.plist.strings; name = en; path = en.lproj/InfoPlist.strings; sourceTree = "<group>"; };
		FA3133B8199AE5FB00ED3D1D /* main.m */ = {isa = PBXFileReference; lastKnownFileType = sourcecode.c.objc; path = main.m; sourceTree = "<group>"; };
		FA3133BA199AE5FB00ED3D1D /* whowasCNS-Prefix.pch */ = {isa = PBXFileReference; lastKnownFileType = sourcecode.c.h; path = "whowasCNS-Prefix.pch"; sourceTree = "<group>"; };
		FA3133BB199AE5FB00ED3D1D /* AppDelegate.h */ = {isa = PBXFileReference; lastKnownFileType = sourcecode.c.h; path = AppDelegate.h; sourceTree = "<group>"; };
		FA3133BC199AE5FB00ED3D1D /* AppDelegate.m */ = {isa = PBXFileReference; lastKnownFileType = sourcecode.c.objc; path = AppDelegate.m; sourceTree = "<group>"; };
		FA3133BF199AE5FB00ED3D1D /* Base */ = {isa = PBXFileReference; lastKnownFileType = file.storyboard; name = Base; path = Base.lproj/Main_iPhone.storyboard; sourceTree = "<group>"; };
		FA3133C2199AE5FB00ED3D1D /* Base */ = {isa = PBXFileReference; lastKnownFileType = file.storyboard; name = Base; path = Base.lproj/Main_iPad.storyboard; sourceTree = "<group>"; };
		FA3133C7199AE5FB00ED3D1D /* Images.xcassets */ = {isa = PBXFileReference; lastKnownFileType = folder.assetcatalog; path = Images.xcassets; sourceTree = "<group>"; };
		FA3133CD199AE5FB00ED3D1D /* whowasCNSTests.xctest */ = {isa = PBXFileReference; explicitFileType = wrapper.cfbundle; includeInIndex = 0; path = whowasCNSTests.xctest; sourceTree = BUILT_PRODUCTS_DIR; };
		FA3133CE199AE5FB00ED3D1D /* XCTest.framework */ = {isa = PBXFileReference; lastKnownFileType = wrapper.framework; name = XCTest.framework; path = Library/Frameworks/XCTest.framework; sourceTree = DEVELOPER_DIR; };
		FA3133D6199AE5FB00ED3D1D /* whowasCNSTests-Info.plist */ = {isa = PBXFileReference; lastKnownFileType = text.plist.xml; path = "whowasCNSTests-Info.plist"; sourceTree = "<group>"; };
		FA3133D8199AE5FB00ED3D1D /* en */ = {isa = PBXFileReference; lastKnownFileType = text.plist.strings; name = en; path = en.lproj/InfoPlist.strings; sourceTree = "<group>"; };
		FA3133DA199AE5FB00ED3D1D /* whowasCNSTests.m */ = {isa = PBXFileReference; lastKnownFileType = sourcecode.c.objc; path = whowasCNSTests.m; sourceTree = "<group>"; };
		FA3133E4199AE9C500ED3D1D /* DatePicker.h */ = {isa = PBXFileReference; fileEncoding = 4; lastKnownFileType = sourcecode.c.h; path = DatePicker.h; sourceTree = "<group>"; };
		FA3133E5199AE9C500ED3D1D /* DatePicker.m */ = {isa = PBXFileReference; fileEncoding = 4; lastKnownFileType = sourcecode.c.objc; path = DatePicker.m; sourceTree = "<group>"; };
		FA3133E7199C254500ED3D1D /* TrainingMaxes.h */ = {isa = PBXFileReference; fileEncoding = 4; lastKnownFileType = sourcecode.c.h; path = TrainingMaxes.h; sourceTree = "<group>"; };
		FA3133E8199C254500ED3D1D /* TrainingMaxes.m */ = {isa = PBXFileReference; fileEncoding = 4; lastKnownFileType = sourcecode.c.objc; path = TrainingMaxes.m; sourceTree = "<group>"; };
		FA3133EA199C3C8E00ED3D1D /* DatePicker */ = {isa = PBXFileReference; fileEncoding = 4; lastKnownFileType = text; path = DatePicker; sourceTree = "<group>"; };
		FA3133EC19A4205900ED3D1D /* TrainingMaxes */ = {isa = PBXFileReference; fileEncoding = 4; lastKnownFileType = text; path = TrainingMaxes; sourceTree = "<group>"; };
		FA3133EE19A4251B00ED3D1D /* TableDisplay.h */ = {isa = PBXFileReference; fileEncoding = 4; lastKnownFileType = sourcecode.c.h; path = TableDisplay.h; sourceTree = "<group>"; };
		FA3133EF19A4251B00ED3D1D /* TableDisplay.m */ = {isa = PBXFileReference; fileEncoding = 4; lastKnownFileType = sourcecode.c.objc; path = TableDisplay.m; sourceTree = "<group>"; };
		FA3133F119A576DB00ED3D1D /* libsqlite3.dylib */ = {isa = PBXFileReference; lastKnownFileType = "compiled.mach-o.dylib"; name = libsqlite3.dylib; path = usr/lib/libsqlite3.dylib; sourceTree = SDKROOT; };
		FA31344F19A6BEB700ED3D1D /* AdjustPattern.h */ = {isa = PBXFileReference; fileEncoding = 4; lastKnownFileType = sourcecode.c.h; path = AdjustPattern.h; sourceTree = "<group>"; };
		FA31345019A6BEB700ED3D1D /* AdjustPattern.m */ = {isa = PBXFileReference; fileEncoding = 4; lastKnownFileType = sourcecode.c.objc; path = AdjustPattern.m; sourceTree = "<group>"; };
		FA31345219A6C96C00ED3D1D /* AdjustPattern */ = {isa = PBXFileReference; fileEncoding = 4; lastKnownFileType = text; path = AdjustPattern; sourceTree = "<group>"; };
		FA49770219DCAB07001F7802 /* barbell.png */ = {isa = PBXFileReference; lastKnownFileType = image.png; path = barbell.png; sourceTree = "<group>"; };
		FA49770519DCB43C001F7802 /* plate_fourtyfive_lbs.png */ = {isa = PBXFileReference; lastKnownFileType = image.png; path = plate_fourtyfive_lbs.png; sourceTree = "<group>"; };
		FA49770B19DCC9C2001F7802 /* plate_twentyfive_lbs.png */ = {isa = PBXFileReference; lastKnownFileType = image.png; name = plate_twentyfive_lbs.png; path = "../../../Downloads/cns/WhoWasCNS531-master/res/drawable-mdpi/plate_twentyfive_lbs.png"; sourceTree = "<group>"; };
		FA49770D19DCCA01001F7802 /* plate_ten_lbs.png */ = {isa = PBXFileReference; lastKnownFileType = image.png; name = plate_ten_lbs.png; path = "../../../Downloads/cns/WhoWasCNS531-master/res/drawable-mdpi/plate_ten_lbs.png"; sourceTree = "<group>"; };
		FA49770F19DCCA0B001F7802 /* plate_five_lbs.png */ = {isa = PBXFileReference; lastKnownFileType = image.png; name = plate_five_lbs.png; path = "../../../Downloads/cns/WhoWasCNS531-master/res/drawable-mdpi/plate_five_lbs.png"; sourceTree = "<group>"; };
		FA49771119DCCA19001F7802 /* plate_twopointfive_lbs.png */ = {isa = PBXFileReference; lastKnownFileType = image.png; name = plate_twopointfive_lbs.png; path = "../../../Downloads/cns/WhoWasCNS531-master/res/drawable-mdpi/plate_twopointfive_lbs.png"; sourceTree = "<group>"; };
		FAD1F39D19C2799900D3C588 /* TableDisplayCell.h */ = {isa = PBXFileReference; fileEncoding = 4; lastKnownFileType = sourcecode.c.h; path = TableDisplayCell.h; sourceTree = "<group>"; };
		FAD1F39E19C2799900D3C588 /* TableDisplayCell.m */ = {isa = PBXFileReference; fileEncoding = 4; lastKnownFileType = sourcecode.c.objc; path = TableDisplayCell.m; sourceTree = "<group>"; };
		FAEDAC3B19D4C942006265A9 /* IndividualViewController.h */ = {isa = PBXFileReference; fileEncoding = 4; lastKnownFileType = sourcecode.c.h; path = IndividualViewController.h; sourceTree = "<group>"; };
		FAEDAC3C19D4C942006265A9 /* IndividualViewController.m */ = {isa = PBXFileReference; fileEncoding = 4; lastKnownFileType = sourcecode.c.objc; path = IndividualViewController.m; sourceTree = "<group>"; };
		FAEDAC3E19D4E4CF006265A9 /* GAI.h */ = {isa = PBXFileReference; lastKnownFileType = sourcecode.c.h; name = GAI.h; path = ../../../Downloads/GoogleAnalyticsServicesiOS_3.09/GoogleAnalytics/Library/GAI.h; sourceTree = "<group>"; };
		FAEDAC3F19D4E4CF006265A9 /* GAIDictionaryBuilder.h */ = {isa = PBXFileReference; lastKnownFileType = sourcecode.c.h; name = GAIDictionaryBuilder.h; path = ../../../Downloads/GoogleAnalyticsServicesiOS_3.09/GoogleAnalytics/Library/GAIDictionaryBuilder.h; sourceTree = "<group>"; };
		FAEDAC4019D4E4CF006265A9 /* GAIEcommerceProduct.h */ = {isa = PBXFileReference; lastKnownFileType = sourcecode.c.h; name = GAIEcommerceProduct.h; path = ../../../Downloads/GoogleAnalyticsServicesiOS_3.09/GoogleAnalytics/Library/GAIEcommerceProduct.h; sourceTree = "<group>"; };
		FAEDAC4119D4E4CF006265A9 /* GAIEcommerceProductAction.h */ = {isa = PBXFileReference; lastKnownFileType = sourcecode.c.h; name = GAIEcommerceProductAction.h; path = ../../../Downloads/GoogleAnalyticsServicesiOS_3.09/GoogleAnalytics/Library/GAIEcommerceProductAction.h; sourceTree = "<group>"; };
		FAEDAC4219D4E4CF006265A9 /* GAIEcommercePromotion.h */ = {isa = PBXFileReference; lastKnownFileType = sourcecode.c.h; name = GAIEcommercePromotion.h; path = ../../../Downloads/GoogleAnalyticsServicesiOS_3.09/GoogleAnalytics/Library/GAIEcommercePromotion.h; sourceTree = "<group>"; };
		FAEDAC4319D4E4CF006265A9 /* GAIFields.h */ = {isa = PBXFileReference; lastKnownFileType = sourcecode.c.h; name = GAIFields.h; path = ../../../Downloads/GoogleAnalyticsServicesiOS_3.09/GoogleAnalytics/Library/GAIFields.h; sourceTree = "<group>"; };
		FAEDAC4419D4E4CF006265A9 /* GAILogger.h */ = {isa = PBXFileReference; lastKnownFileType = sourcecode.c.h; name = GAILogger.h; path = ../../../Downloads/GoogleAnalyticsServicesiOS_3.09/GoogleAnalytics/Library/GAILogger.h; sourceTree = "<group>"; };
		FAEDAC4519D4E4CF006265A9 /* GAITrackedViewController.h */ = {isa = PBXFileReference; lastKnownFileType = sourcecode.c.h; name = GAITrackedViewController.h; path = ../../../Downloads/GoogleAnalyticsServicesiOS_3.09/GoogleAnalytics/Library/GAITrackedViewController.h; sourceTree = "<group>"; };
		FAEDAC4619D4E4CF006265A9 /* GAITracker.h */ = {isa = PBXFileReference; lastKnownFileType = sourcecode.c.h; name = GAITracker.h; path = ../../../Downloads/GoogleAnalyticsServicesiOS_3.09/GoogleAnalytics/Library/GAITracker.h; sourceTree = "<group>"; };
		FAEDAC4719D4E5C1006265A9 /* CoreData.framework */ = {isa = PBXFileReference; lastKnownFileType = wrapper.framework; name = CoreData.framework; path = System/Library/Frameworks/CoreData.framework; sourceTree = SDKROOT; };
		FAEDAC4919D4E5CF006265A9 /* SystemConfiguration.framework */ = {isa = PBXFileReference; lastKnownFileType = wrapper.framework; name = SystemConfiguration.framework; path = System/Library/Frameworks/SystemConfiguration.framework; sourceTree = SDKROOT; };
		FAEDAC4B19D4E5DC006265A9 /* libz.dylib */ = {isa = PBXFileReference; lastKnownFileType = "compiled.mach-o.dylib"; name = libz.dylib; path = usr/lib/libz.dylib; sourceTree = SDKROOT; };
		FAEDAC4D19D4E97B006265A9 /* libGoogleAnalyticsServices.a */ = {isa = PBXFileReference; lastKnownFileType = archive.ar; name = libGoogleAnalyticsServices.a; path = ../../../Downloads/GoogleAnalyticsServicesiOS_3.09/libGoogleAnalyticsServices.a; sourceTree = "<group>"; };
/* End PBXFileReference section */

/* Begin PBXFrameworksBuildPhase section */
		FA3133A6199AE5FB00ED3D1D /* Frameworks */ = {
			isa = PBXFrameworksBuildPhase;
			buildActionMask = 2147483647;
			files = (
				FAEDAC4C19D4E5DC006265A9 /* libz.dylib in Frameworks */,
				FAEDAC4A19D4E5CF006265A9 /* SystemConfiguration.framework in Frameworks */,
				FAEDAC4819D4E5C1006265A9 /* CoreData.framework in Frameworks */,
				FAEDAC4E19D4E97B006265A9 /* libGoogleAnalyticsServices.a in Frameworks */,
				FA3133F219A576DC00ED3D1D /* libsqlite3.dylib in Frameworks */,
				FA3133AF199AE5FB00ED3D1D /* CoreGraphics.framework in Frameworks */,
				FA3133B1199AE5FB00ED3D1D /* UIKit.framework in Frameworks */,
				FA3133AD199AE5FB00ED3D1D /* Foundation.framework in Frameworks */,
			);
			runOnlyForDeploymentPostprocessing = 0;
		};
		FA3133CA199AE5FB00ED3D1D /* Frameworks */ = {
			isa = PBXFrameworksBuildPhase;
			buildActionMask = 2147483647;
			files = (
				FA3133CF199AE5FB00ED3D1D /* XCTest.framework in Frameworks */,
				FA3133D1199AE5FB00ED3D1D /* UIKit.framework in Frameworks */,
				FA3133D0199AE5FB00ED3D1D /* Foundation.framework in Frameworks */,
			);
			runOnlyForDeploymentPostprocessing = 0;
		};
/* End PBXFrameworksBuildPhase section */

/* Begin PBXGroup section */
		FA3133A0199AE5FB00ED3D1D = {
			isa = PBXGroup;
			children = (
				FA3133B2199AE5FB00ED3D1D /* whowasCNS */,
				FA3133D4199AE5FB00ED3D1D /* whowasCNSTests */,
				FA3133AB199AE5FB00ED3D1D /* Frameworks */,
				FA3133AA199AE5FB00ED3D1D /* Products */,
			);
			sourceTree = "<group>";
		};
		FA3133AA199AE5FB00ED3D1D /* Products */ = {
			isa = PBXGroup;
			children = (
				FA3133A9199AE5FB00ED3D1D /* whowasCNS.app */,
				FA3133CD199AE5FB00ED3D1D /* whowasCNSTests.xctest */,
			);
			name = Products;
			sourceTree = "<group>";
		};
		FA3133AB199AE5FB00ED3D1D /* Frameworks */ = {
			isa = PBXGroup;
			children = (
				FAEDAC4B19D4E5DC006265A9 /* libz.dylib */,
				FAEDAC4919D4E5CF006265A9 /* SystemConfiguration.framework */,
				FAEDAC4719D4E5C1006265A9 /* CoreData.framework */,
				FA3133F119A576DB00ED3D1D /* libsqlite3.dylib */,
				FA3133AC199AE5FB00ED3D1D /* Foundation.framework */,
				FA3133AE199AE5FB00ED3D1D /* CoreGraphics.framework */,
				FA3133B0199AE5FB00ED3D1D /* UIKit.framework */,
				FA3133CE199AE5FB00ED3D1D /* XCTest.framework */,
			);
			name = Frameworks;
			sourceTree = "<group>";
		};
		FA3133B2199AE5FB00ED3D1D /* whowasCNS */ = {
			isa = PBXGroup;
			children = (
				FA3133BE199AE5FB00ED3D1D /* Main_iPhone.storyboard */,
				FA3133E4199AE9C500ED3D1D /* DatePicker.h */,
				FA3133E5199AE9C500ED3D1D /* DatePicker.m */,
				FA3133EA199C3C8E00ED3D1D /* DatePicker */,
				FA05539D19AE9FE2001EE3CE /* DateAndLiftProcessor.h */,
				FA05539E19AE9FE2001EE3CE /* DateAndLiftProcessor.m */,
				FA0553A019AEA132001EE3CE /* DateAndLiftProcessor */,
				FA0553A319B000B7001EE3CE /* KilogramPlateComputer.h */,
				FA0553A419B000B7001EE3CE /* KilogramPlateComputer.m */,
				FA0553A619B005F0001EE3CE /* KilogramPlateComputer */,
				FA0553A819B53FDE001EE3CE /* PoundPlateComputer.h */,
				FA0553A919B53FDE001EE3CE /* PoundPlateComputer.m */,
				FA31344F19A6BEB700ED3D1D /* AdjustPattern.h */,
				FA31345019A6BEB700ED3D1D /* AdjustPattern.m */,
				FA31345219A6C96C00ED3D1D /* AdjustPattern */,
				FA3133E7199C254500ED3D1D /* TrainingMaxes.h */,
				FA3133E8199C254500ED3D1D /* TrainingMaxes.m */,
				FA3133EC19A4205900ED3D1D /* TrainingMaxes */,
				FA3133EE19A4251B00ED3D1D /* TableDisplay.h */,
				FA3133EF19A4251B00ED3D1D /* TableDisplay.m */,
				FAD1F39D19C2799900D3C588 /* TableDisplayCell.h */,
				FAD1F39E19C2799900D3C588 /* TableDisplayCell.m */,
				FA05536A19AD4DE3001EE3CE /* TableDisplay */,
				FA3133C7199AE5FB00ED3D1D /* Images.xcassets */,
				FA3133BC199AE5FB00ED3D1D /* AppDelegate.m */,
				FAEDAC3B19D4C942006265A9 /* IndividualViewController.h */,
				FAEDAC3C19D4C942006265A9 /* IndividualViewController.m */,
				FA49770419DCAB0D001F7802 /* Images - Lbs */,
				FA3133C1199AE5FB00ED3D1D /* Main_iPad.storyboard */,
				FA4976FD19DB8914001F7802 /* Google Analytics Libs */,
				FA3133B3199AE5FB00ED3D1D /* Supporting Files */,
			);
			path = whowasCNS;
			sourceTree = "<group>";
		};
		FA3133B3199AE5FB00ED3D1D /* Supporting Files */ = {
			isa = PBXGroup;
			children = (
				FA3133BB199AE5FB00ED3D1D /* AppDelegate.h */,
				FAEDAC4019D4E4CF006265A9 /* GAIEcommerceProduct.h */,
				FAEDAC4119D4E4CF006265A9 /* GAIEcommerceProductAction.h */,
				FAEDAC4219D4E4CF006265A9 /* GAIEcommercePromotion.h */,
				FA3133B4199AE5FB00ED3D1D /* whowasCNS-Info.plist */,
				FA3133B5199AE5FB00ED3D1D /* InfoPlist.strings */,
				FA3133B8199AE5FB00ED3D1D /* main.m */,
				FA3133BA199AE5FB00ED3D1D /* whowasCNS-Prefix.pch */,
			);
			name = "Supporting Files";
			sourceTree = "<group>";
		};
		FA3133D4199AE5FB00ED3D1D /* whowasCNSTests */ = {
			isa = PBXGroup;
			children = (
				FA3133DA199AE5FB00ED3D1D /* whowasCNSTests.m */,
				FA3133D5199AE5FB00ED3D1D /* Supporting Files */,
			);
			path = whowasCNSTests;
			sourceTree = "<group>";
		};
		FA3133D5199AE5FB00ED3D1D /* Supporting Files */ = {
			isa = PBXGroup;
			children = (
				FA3133D6199AE5FB00ED3D1D /* whowasCNSTests-Info.plist */,
				FA3133D7199AE5FB00ED3D1D /* InfoPlist.strings */,
			);
			name = "Supporting Files";
			sourceTree = "<group>";
		};
		FA4976FD19DB8914001F7802 /* Google Analytics Libs */ = {
			isa = PBXGroup;
			children = (
				FAEDAC3E19D4E4CF006265A9 /* GAI.h */,
				FAEDAC3F19D4E4CF006265A9 /* GAIDictionaryBuilder.h */,
				FAEDAC4319D4E4CF006265A9 /* GAIFields.h */,
				FAEDAC4419D4E4CF006265A9 /* GAILogger.h */,
				FAEDAC4519D4E4CF006265A9 /* GAITrackedViewController.h */,
				FAEDAC4619D4E4CF006265A9 /* GAITracker.h */,
				FAEDAC4D19D4E97B006265A9 /* libGoogleAnalyticsServices.a */,
			);
			name = "Google Analytics Libs";
			sourceTree = "<group>";
		};
		FA49770419DCAB0D001F7802 /* Images - Lbs */ = {
			isa = PBXGroup;
			children = (
				FA49771119DCCA19001F7802 /* plate_twopointfive_lbs.png */,
				FA49770F19DCCA0B001F7802 /* plate_five_lbs.png */,
				FA49770D19DCCA01001F7802 /* plate_ten_lbs.png */,
				FA49770B19DCC9C2001F7802 /* plate_twentyfive_lbs.png */,
				FA49770519DCB43C001F7802 /* plate_fourtyfive_lbs.png */,
				FA49770219DCAB07001F7802 /* barbell.png */,
			);
			name = "Images - Lbs";
			sourceTree = "<group>";
		};
/* End PBXGroup section */

/* Begin PBXNativeTarget section */
		FA3133A8199AE5FB00ED3D1D /* whowasCNS */ = {
			isa = PBXNativeTarget;
			buildConfigurationList = FA3133DE199AE5FB00ED3D1D /* Build configuration list for PBXNativeTarget "whowasCNS" */;
			buildPhases = (
				FA3133A5199AE5FB00ED3D1D /* Sources */,
				FA3133A6199AE5FB00ED3D1D /* Frameworks */,
				FA3133A7199AE5FB00ED3D1D /* Resources */,
			);
			buildRules = (
			);
			dependencies = (
			);
			name = whowasCNS;
			productName = whowasCNS;
			productReference = FA3133A9199AE5FB00ED3D1D /* whowasCNS.app */;
			productType = "com.apple.product-type.application";
		};
		FA3133CC199AE5FB00ED3D1D /* whowasCNSTests */ = {
			isa = PBXNativeTarget;
			buildConfigurationList = FA3133E1199AE5FB00ED3D1D /* Build configuration list for PBXNativeTarget "whowasCNSTests" */;
			buildPhases = (
				FA3133C9199AE5FB00ED3D1D /* Sources */,
				FA3133CA199AE5FB00ED3D1D /* Frameworks */,
				FA3133CB199AE5FB00ED3D1D /* Resources */,
			);
			buildRules = (
			);
			dependencies = (
				FA3133D3199AE5FB00ED3D1D /* PBXTargetDependency */,
			);
			name = whowasCNSTests;
			productName = whowasCNSTests;
			productReference = FA3133CD199AE5FB00ED3D1D /* whowasCNSTests.xctest */;
			productType = "com.apple.product-type.bundle.unit-test";
		};
/* End PBXNativeTarget section */

/* Begin PBXProject section */
		FA3133A1199AE5FB00ED3D1D /* Project object */ = {
			isa = PBXProject;
			attributes = {
				LastUpgradeCheck = 0510;
				ORGANIZATIONNAME = Kohlerbear;
				TargetAttributes = {
					FA3133CC199AE5FB00ED3D1D = {
						TestTargetID = FA3133A8199AE5FB00ED3D1D;
					};
				};
			};
			buildConfigurationList = FA3133A4199AE5FB00ED3D1D /* Build configuration list for PBXProject "whowasCNS" */;
			compatibilityVersion = "Xcode 3.2";
			developmentRegion = English;
			hasScannedForEncodings = 0;
			knownRegions = (
				en,
				Base,
			);
			mainGroup = FA3133A0199AE5FB00ED3D1D;
			productRefGroup = FA3133AA199AE5FB00ED3D1D /* Products */;
			projectDirPath = "";
			projectRoot = "";
			targets = (
				FA3133A8199AE5FB00ED3D1D /* whowasCNS */,
				FA3133CC199AE5FB00ED3D1D /* whowasCNSTests */,
			);
		};
/* End PBXProject section */

/* Begin PBXResourcesBuildPhase section */
		FA3133A7199AE5FB00ED3D1D /* Resources */ = {
			isa = PBXResourcesBuildPhase;
			buildActionMask = 2147483647;
			files = (
				FA49771219DCCA19001F7802 /* plate_twopointfive_lbs.png in Resources */,
				FA49770319DCAB07001F7802 /* barbell.png in Resources */,
				FA49770C19DCC9C2001F7802 /* plate_twentyfive_lbs.png in Resources */,
				FA49771019DCCA0B001F7802 /* plate_five_lbs.png in Resources */,
				FA3133C3199AE5FB00ED3D1D /* Main_iPad.storyboard in Resources */,
				FA3133ED19A4205900ED3D1D /* TrainingMaxes in Resources */,
				FA0553A119AEA132001EE3CE /* DateAndLiftProcessor in Resources */,
				FA05536B19AD4DE3001EE3CE /* TableDisplay in Resources */,
				FA0553A719B005F0001EE3CE /* KilogramPlateComputer in Resources */,
				FA31345319A6C96C00ED3D1D /* AdjustPattern in Resources */,
				FA3133EB199C3C8E00ED3D1D /* DatePicker in Resources */,
				FA3133C8199AE5FB00ED3D1D /* Images.xcassets in Resources */,
				FA3133C0199AE5FB00ED3D1D /* Main_iPhone.storyboard in Resources */,
				FA3133B7199AE5FB00ED3D1D /* InfoPlist.strings in Resources */,
				FA49770E19DCCA01001F7802 /* plate_ten_lbs.png in Resources */,
				FA49770619DCB43C001F7802 /* plate_fourtyfive_lbs.png in Resources */,
			);
			runOnlyForDeploymentPostprocessing = 0;
		};
		FA3133CB199AE5FB00ED3D1D /* Resources */ = {
			isa = PBXResourcesBuildPhase;
			buildActionMask = 2147483647;
			files = (
				FA3133D9199AE5FB00ED3D1D /* InfoPlist.strings in Resources */,
			);
			runOnlyForDeploymentPostprocessing = 0;
		};
/* End PBXResourcesBuildPhase section */

/* Begin PBXSourcesBuildPhase section */
		FA3133A5199AE5FB00ED3D1D /* Sources */ = {
			isa = PBXSourcesBuildPhase;
			buildActionMask = 2147483647;
			files = (
				FA3133E9199C254500ED3D1D /* TrainingMaxes.m in Sources */,
				FA05539F19AE9FE2001EE3CE /* DateAndLiftProcessor.m in Sources */,
				FAD1F39F19C2799900D3C588 /* TableDisplayCell.m in Sources */,
				FA31345119A6BEB700ED3D1D /* AdjustPattern.m in Sources */,
				FA0553AA19B53FDE001EE3CE /* PoundPlateComputer.m in Sources */,
				FA3133BD199AE5FB00ED3D1D /* AppDelegate.m in Sources */,
				FA3133B9199AE5FB00ED3D1D /* main.m in Sources */,
				FA0553A519B000B7001EE3CE /* KilogramPlateComputer.m in Sources */,
				FA3133E6199AE9C500ED3D1D /* DatePicker.m in Sources */,
				FAEDAC3D19D4C942006265A9 /* IndividualViewController.m in Sources */,
				FA3133F019A4251B00ED3D1D /* TableDisplay.m in Sources */,
			);
			runOnlyForDeploymentPostprocessing = 0;
		};
		FA3133C9199AE5FB00ED3D1D /* Sources */ = {
			isa = PBXSourcesBuildPhase;
			buildActionMask = 2147483647;
			files = (
				FA3133DB199AE5FB00ED3D1D /* whowasCNSTests.m in Sources */,
			);
			runOnlyForDeploymentPostprocessing = 0;
		};
/* End PBXSourcesBuildPhase section */

/* Begin PBXTargetDependency section */
		FA3133D3199AE5FB00ED3D1D /* PBXTargetDependency */ = {
			isa = PBXTargetDependency;
			target = FA3133A8199AE5FB00ED3D1D /* whowasCNS */;
			targetProxy = FA3133D2199AE5FB00ED3D1D /* PBXContainerItemProxy */;
		};
/* End PBXTargetDependency section */

/* Begin PBXVariantGroup section */
		FA3133B5199AE5FB00ED3D1D /* InfoPlist.strings */ = {
			isa = PBXVariantGroup;
			children = (
				FA3133B6199AE5FB00ED3D1D /* en */,
			);
			name = InfoPlist.strings;
			sourceTree = "<group>";
		};
		FA3133BE199AE5FB00ED3D1D /* Main_iPhone.storyboard */ = {
			isa = PBXVariantGroup;
			children = (
				FA3133BF199AE5FB00ED3D1D /* Base */,
			);
			name = Main_iPhone.storyboard;
			sourceTree = "<group>";
		};
		FA3133C1199AE5FB00ED3D1D /* Main_iPad.storyboard */ = {
			isa = PBXVariantGroup;
			children = (
				FA3133C2199AE5FB00ED3D1D /* Base */,
			);
			name = Main_iPad.storyboard;
			sourceTree = "<group>";
		};
		FA3133D7199AE5FB00ED3D1D /* InfoPlist.strings */ = {
			isa = PBXVariantGroup;
			children = (
				FA3133D8199AE5FB00ED3D1D /* en */,
			);
			name = InfoPlist.strings;
			sourceTree = "<group>";
		};
/* End PBXVariantGroup section */

/* Begin XCBuildConfiguration section */
		FA3133DC199AE5FB00ED3D1D /* Debug */ = {
			isa = XCBuildConfiguration;
			buildSettings = {
				ALWAYS_SEARCH_USER_PATHS = NO;
				CLANG_CXX_LANGUAGE_STANDARD = "gnu++0x";
				CLANG_CXX_LIBRARY = "libc++";
				CLANG_ENABLE_MODULES = YES;
				CLANG_ENABLE_OBJC_ARC = YES;
				CLANG_WARN_BOOL_CONVERSION = YES;
				CLANG_WARN_CONSTANT_CONVERSION = YES;
				CLANG_WARN_DIRECT_OBJC_ISA_USAGE = YES_ERROR;
				CLANG_WARN_EMPTY_BODY = YES;
				CLANG_WARN_ENUM_CONVERSION = YES;
				CLANG_WARN_INT_CONVERSION = YES;
				CLANG_WARN_OBJC_ROOT_CLASS = YES_ERROR;
				CLANG_WARN__DUPLICATE_METHOD_MATCH = YES;
				"CODE_SIGN_IDENTITY[sdk=iphoneos*]" = "iPhone Developer";
				COPY_PHASE_STRIP = NO;
				GCC_C_LANGUAGE_STANDARD = gnu99;
				GCC_DYNAMIC_NO_PIC = NO;
				GCC_OPTIMIZATION_LEVEL = 0;
				GCC_PREPROCESSOR_DEFINITIONS = (
					"DEBUG=1",
					"$(inherited)",
				);
				GCC_SYMBOLS_PRIVATE_EXTERN = NO;
				GCC_WARN_64_TO_32_BIT_CONVERSION = YES;
				GCC_WARN_ABOUT_RETURN_TYPE = YES_ERROR;
				GCC_WARN_UNDECLARED_SELECTOR = YES;
				GCC_WARN_UNINITIALIZED_AUTOS = YES_AGGRESSIVE;
				GCC_WARN_UNUSED_FUNCTION = YES;
				GCC_WARN_UNUSED_VARIABLE = YES;
				IPHONEOS_DEPLOYMENT_TARGET = 7.1;
				ONLY_ACTIVE_ARCH = YES;
				SDKROOT = iphoneos;
				TARGETED_DEVICE_FAMILY = "1,2";
			};
			name = Debug;
		};
		FA3133DD199AE5FB00ED3D1D /* Release */ = {
			isa = XCBuildConfiguration;
			buildSettings = {
				ALWAYS_SEARCH_USER_PATHS = NO;
				CLANG_CXX_LANGUAGE_STANDARD = "gnu++0x";
				CLANG_CXX_LIBRARY = "libc++";
				CLANG_ENABLE_MODULES = YES;
				CLANG_ENABLE_OBJC_ARC = YES;
				CLANG_WARN_BOOL_CONVERSION = YES;
				CLANG_WARN_CONSTANT_CONVERSION = YES;
				CLANG_WARN_DIRECT_OBJC_ISA_USAGE = YES_ERROR;
				CLANG_WARN_EMPTY_BODY = YES;
				CLANG_WARN_ENUM_CONVERSION = YES;
				CLANG_WARN_INT_CONVERSION = YES;
				CLANG_WARN_OBJC_ROOT_CLASS = YES_ERROR;
				CLANG_WARN__DUPLICATE_METHOD_MATCH = YES;
				"CODE_SIGN_IDENTITY[sdk=iphoneos*]" = "iPhone Developer";
				COPY_PHASE_STRIP = YES;
				ENABLE_NS_ASSERTIONS = NO;
				GCC_C_LANGUAGE_STANDARD = gnu99;
				GCC_WARN_64_TO_32_BIT_CONVERSION = YES;
				GCC_WARN_ABOUT_RETURN_TYPE = YES_ERROR;
				GCC_WARN_UNDECLARED_SELECTOR = YES;
				GCC_WARN_UNINITIALIZED_AUTOS = YES_AGGRESSIVE;
				GCC_WARN_UNUSED_FUNCTION = YES;
				GCC_WARN_UNUSED_VARIABLE = YES;
				IPHONEOS_DEPLOYMENT_TARGET = 7.1;
				SDKROOT = iphoneos;
				TARGETED_DEVICE_FAMILY = "1,2";
				VALIDATE_PRODUCT = YES;
			};
			name = Release;
		};
		FA3133DF199AE5FB00ED3D1D /* Debug */ = {
			isa = XCBuildConfiguration;
			buildSettings = {
				ASSETCATALOG_COMPILER_APPICON_NAME = AppIcon;
				ASSETCATALOG_COMPILER_LAUNCHIMAGE_NAME = LaunchImage;
				GCC_PRECOMPILE_PREFIX_HEADER = YES;
				GCC_PREFIX_HEADER = "whowasCNS/whowasCNS-Prefix.pch";
				INFOPLIST_FILE = "whowasCNS/whowasCNS-Info.plist";
				LIBRARY_SEARCH_PATHS = (
					"$(inherited)",
					/Users/alex/Downloads/GoogleAnalyticsServicesiOS_3.09,
				);
				PRODUCT_NAME = "$(TARGET_NAME)";
				WRAPPER_EXTENSION = app;
			};
			name = Debug;
		};
		FA3133E0199AE5FB00ED3D1D /* Release */ = {
			isa = XCBuildConfiguration;
			buildSettings = {
				ASSETCATALOG_COMPILER_APPICON_NAME = AppIcon;
				ASSETCATALOG_COMPILER_LAUNCHIMAGE_NAME = LaunchImage;
				GCC_PRECOMPILE_PREFIX_HEADER = YES;
				GCC_PREFIX_HEADER = "whowasCNS/whowasCNS-Prefix.pch";
				INFOPLIST_FILE = "whowasCNS/whowasCNS-Info.plist";
				LIBRARY_SEARCH_PATHS = (
					"$(inherited)",
					/Users/alex/Downloads/GoogleAnalyticsServicesiOS_3.09,
				);
				PRODUCT_NAME = "$(TARGET_NAME)";
				WRAPPER_EXTENSION = app;
			};
			name = Release;
		};
		FA3133E2199AE5FB00ED3D1D /* Debug */ = {
			isa = XCBuildConfiguration;
			buildSettings = {
				BUNDLE_LOADER = "$(BUILT_PRODUCTS_DIR)/whowasCNS.app/whowasCNS";
				FRAMEWORK_SEARCH_PATHS = (
					"$(SDKROOT)/Developer/Library/Frameworks",
					"$(inherited)",
					"$(DEVELOPER_FRAMEWORKS_DIR)",
				);
				GCC_PRECOMPILE_PREFIX_HEADER = YES;
				GCC_PREFIX_HEADER = "whowasCNS/whowasCNS-Prefix.pch";
				GCC_PREPROCESSOR_DEFINITIONS = (
					"DEBUG=1",
					"$(inherited)",
				);
				INFOPLIST_FILE = "whowasCNSTests/whowasCNSTests-Info.plist";
				PRODUCT_NAME = "$(TARGET_NAME)";
				TEST_HOST = "$(BUNDLE_LOADER)";
				WRAPPER_EXTENSION = xctest;
			};
			name = Debug;
		};
		FA3133E3199AE5FB00ED3D1D /* Release */ = {
			isa = XCBuildConfiguration;
			buildSettings = {
				BUNDLE_LOADER = "$(BUILT_PRODUCTS_DIR)/whowasCNS.app/whowasCNS";
				FRAMEWORK_SEARCH_PATHS = (
					"$(SDKROOT)/Developer/Library/Frameworks",
					"$(inherited)",
					"$(DEVELOPER_FRAMEWORKS_DIR)",
				);
				GCC_PRECOMPILE_PREFIX_HEADER = YES;
				GCC_PREFIX_HEADER = "whowasCNS/whowasCNS-Prefix.pch";
				INFOPLIST_FILE = "whowasCNSTests/whowasCNSTests-Info.plist";
				PRODUCT_NAME = "$(TARGET_NAME)";
				TEST_HOST = "$(BUNDLE_LOADER)";
				WRAPPER_EXTENSION = xctest;
			};
			name = Release;
		};
/* End XCBuildConfiguration section */

/* Begin XCConfigurationList section */
		FA3133A4199AE5FB00ED3D1D /* Build configuration list for PBXProject "whowasCNS" */ = {
			isa = XCConfigurationList;
			buildConfigurations = (
				FA3133DC199AE5FB00ED3D1D /* Debug */,
				FA3133DD199AE5FB00ED3D1D /* Release */,
			);
			defaultConfigurationIsVisible = 0;
			defaultConfigurationName = Release;
		};
		FA3133DE199AE5FB00ED3D1D /* Build configuration list for PBXNativeTarget "whowasCNS" */ = {
			isa = XCConfigurationList;
			buildConfigurations = (
				FA3133DF199AE5FB00ED3D1D /* Debug */,
				FA3133E0199AE5FB00ED3D1D /* Release */,
			);
			defaultConfigurationIsVisible = 0;
			defaultConfigurationName = Release;
		};
		FA3133E1199AE5FB00ED3D1D /* Build configuration list for PBXNativeTarget "whowasCNSTests" */ = {
			isa = XCConfigurationList;
			buildConfigurations = (
				FA3133E2199AE5FB00ED3D1D /* Debug */,
				FA3133E3199AE5FB00ED3D1D /* Release */,
			);
			defaultConfigurationIsVisible = 0;
			defaultConfigurationName = Release;
		};
/* End XCConfigurationList section */
	};
	rootObject = FA3133A1199AE5FB00ED3D1D /* Project object */;
}
